PODS:
  - AFNetworking (2.6.3):
    - AFNetworking/NSURLConnection (= 2.6.3)
    - AFNetworking/NSURLSession (= 2.6.3)
    - AFNetworking/Reachability (= 2.6.3)
    - AFNetworking/Security (= 2.6.3)
    - AFNetworking/Serialization (= 2.6.3)
    - AFNetworking/UIKit (= 2.6.3)
  - AFNetworking/NSURLConnection (2.6.3):
    - AFNetworking/Reachability
    - AFNetworking/Security
    - AFNetworking/Serialization
  - AFNetworking/NSURLSession (2.6.3):
    - AFNetworking/Reachability
    - AFNetworking/Security
    - AFNetworking/Serialization
  - AFNetworking/Reachability (2.6.3)
  - AFNetworking/Security (2.6.3)
  - AFNetworking/Serialization (2.6.3)
  - AFNetworking/UIKit (2.6.3):
    - AFNetworking/NSURLConnection
    - AFNetworking/NSURLSession
  - iCarousel (1.8.2)
  - JSONModel (1.2.0)
  - M13BadgeView (1.0.4)
  - M13ProgressSuite (1.2.7)
  - MagicalRecord (2.3.2):
    - MagicalRecord/Core (= 2.3.2)
  - MagicalRecord/Core (2.3.2)
  - MBProgressHUD (0.9.2)
  - MJRefresh (3.1.0)
  - pop (1.0.8)
  - ReactiveCocoa (2.5):
    - ReactiveCocoa/UI (= 2.5)
  - ReactiveCocoa/Core (2.5):
    - ReactiveCocoa/no-arc
  - ReactiveCocoa/no-arc (2.5)
  - ReactiveCocoa/UI (2.5):
    - ReactiveCocoa/Core
  - SDWebImage (3.7.5):
    - SDWebImage/Core (= 3.7.5)
  - SDWebImage/Core (3.7.5)
  - YYModel (0.9.12)
  - YYText (0.9.19)

DEPENDENCIES:
  - AFNetworking (~> 2.6.3)
  - iCarousel
  - JSONModel
  - M13BadgeView
  - M13ProgressSuite
  - MagicalRecord
  - MBProgressHUD
  - MJRefresh
  - pop
  - ReactiveCocoa
  - SDWebImage
  - YYModel
  - YYText

SPEC CHECKSUMS:
  AFNetworking: cb8d14a848e831097108418f5d49217339d4eb60
  iCarousel: 67c8a43da5a46795b56aadfc96cd36a16f6149b2
  JSONModel: 12523685c4b623553ccf844bbbf7007624317b2c
  M13BadgeView: 700dd0714fdc837c0cf1c8c004454963ec22441f
  M13ProgressSuite: 03d194af6359da440641ba758aed5a18b0386a86
  MagicalRecord: 53bed74b4323b930992a725be713e53b37d19755
  MBProgressHUD: 1569cf7ace17a8bac47aabfbb8580a49690386d1
  MJRefresh: 743e6404967d1c2c688472ea3ecfde247d872db4
  pop: bb773ae2c791ca2629de13b347e7a8b450fa6a57
  ReactiveCocoa: e2db045570aa97c695e7aa97c2bcab222ae51f4a
  SDWebImage: 69c6303e3348fba97e03f65d65d4fbc26740f461
  YYModel: 33a27f41a995f4c36ff8178421bac9f221a9c7ea
  YYText: b823b71b99b526c4a81029ecb59f3d8172ed5c9a

COCOAPODS: 0.39.0
